<?xml version="1.0" encoding="utf-8"?>
<Project ToolsVersion="4.0" xmlns="http://schemas.microsoft.com/developer/msbuild/2003">
  <ItemGroup>
    <Filter Include="源文件">
      <UniqueIdentifier>{4FC737F1-C7A5-4376-A066-2A32D752A2FF}</UniqueIdentifier>
      <Extensions>cpp;c;cc;cxx;def;odl;idl;hpj;bat;asm;asmx</Extensions>
    </Filter>
    <Filter Include="头文件">
      <UniqueIdentifier>{93995380-89BD-4b04-88EB-625FBE52EBFB}</UniqueIdentifier>
      <Extensions>h;hpp;hxx;hm;inl;inc;xsd</Extensions>
    </Filter>
    <Filter Include="资源文件">
      <UniqueIdentifier>{67DA6AB6-F800-4c08-8B7A-83BB121AAD01}</UniqueIdentifier>
      <Extensions>rc;ico;cur;bmp;dlg;rc2;rct;bin;rgs;gif;jpg;jpeg;jpe;resx;tiff;tif;png;wav;mfcribbon-ms</Extensions>
    </Filter>
  </ItemGroup>
  <ItemGroup>
    <Text Include="ReadMe.txt" />
  </ItemGroup>
  <ItemGroup>
    <ClInclude Include="targetver.h">
      <Filter>头文件</Filter>
    </ClInclude>
    <ClInclude Include="Resource.h">
      <Filter>头文件</Filter>
    </ClInclude>
    <ClInclude Include="stdafx.h">
      <Filter>头文件</Filter>
    </ClInclude>
    <ClInclude Include="ChartUI.h">
      <Filter>头文件</Filter>
    </ClInclude>
    <ClInclude Include="Setting.h">
      <Filter>头文件</Filter>
    </ClInclude>
    <ClInclude Include="Comm.h">
      <Filter>头文件</Filter>
    </ClInclude>
    <ClInclude Include="Data.h">
      <Filter>头文件</Filter>
    </ClInclude>
    <ClInclude Include="DbMysql.h">
      <Filter>头文件</Filter>
    </ClInclude>
    <ClInclude Include="Manager.h">
      <Filter>头文件</Filter>
    </ClInclude>
    <ClInclude Include="SerialComm.h">
      <Filter>头文件</Filter>
    </ClInclude>
    <ClInclude Include="common.h">
      <Filter>头文件</Filter>
    </ClInclude>
    <ClInclude Include="MainWnd.h">
      <Filter>头文件</Filter>
    </ClInclude>
    <ClInclude Include="DlgForAddCom.h">
      <Filter>头文件</Filter>
    </ClInclude>
    <ClInclude Include="DlgForAddDevice.h">
      <Filter>头文件</Filter>
    </ClInclude>
    <ClInclude Include="DlgForAddEmp.h">
      <Filter>头文件</Filter>
    </ClInclude>
    <ClInclude Include="DlgForDelCom.h">
      <Filter>头文件</Filter>
    </ClInclude>
    <ClInclude Include="DlgForDelDevice.h">
      <Filter>头文件</Filter>
    </ClInclude>
    <ClInclude Include="DlgForDelEmp.h">
      <Filter>头文件</Filter>
    </ClInclude>
    <ClInclude Include="DlgForSelEmp.h">
      <Filter>头文件</Filter>
    </ClInclude>
    <ClInclude Include="record.h">
      <Filter>头文件</Filter>
    </ClInclude>
    <ClInclude Include="com.h">
      <Filter>头文件</Filter>
    </ClInclude>
    <ClInclude Include="person.h">
      <Filter>头文件</Filter>
    </ClInclude>
    <ClInclude Include="device.h">
      <Filter>头文件</Filter>
    </ClInclude>
    <ClInclude Include="DlgForChangeDevice.h">
      <Filter>头文件</Filter>
    </ClInclude>
    <ClInclude Include="SerialDeviceAdmin.h">
      <Filter>头文件</Filter>
    </ClInclude>
    <ClInclude Include="DlgForHelp.h">
      <Filter>头文件</Filter>
    </ClInclude>
    <ClInclude Include="GsmModel.h">
      <Filter>头文件</Filter>
    </ClInclude>
    <ClInclude Include="PlotResources.h">
      <Filter>头文件</Filter>
    </ClInclude>
  </ItemGroup>
  <ItemGroup>
    <ClCompile Include="stdafx.cpp">
      <Filter>源文件</Filter>
    </ClCompile>
    <ClCompile Include="Main.cpp">
      <Filter>源文件</Filter>
    </ClCompile>
    <ClCompile Include="ChartUI.cpp">
      <Filter>源文件</Filter>
    </ClCompile>
    <ClCompile Include="Setting.cpp">
      <Filter>源文件</Filter>
    </ClCompile>
    <ClCompile Include="Comm.cpp">
      <Filter>源文件</Filter>
    </ClCompile>
    <ClCompile Include="DbMysql.cpp">
      <Filter>源文件</Filter>
    </ClCompile>
    <ClCompile Include="Manager.cpp">
      <Filter>源文件</Filter>
    </ClCompile>
    <ClCompile Include="SerialComm.cpp">
      <Filter>源文件</Filter>
    </ClCompile>
    <ClCompile Include="common.cpp">
      <Filter>源文件</Filter>
    </ClCompile>
    <ClCompile Include="MainWnd.cpp">
      <Filter>源文件</Filter>
    </ClCompile>
    <ClCompile Include="DlgForAddCom.cpp">
      <Filter>源文件</Filter>
    </ClCompile>
    <ClCompile Include="DlgForAddDevice.cpp">
      <Filter>源文件</Filter>
    </ClCompile>
    <ClCompile Include="DlgForAddEmp.cpp">
      <Filter>源文件</Filter>
    </ClCompile>
    <ClCompile Include="DlgForDelCom.cpp">
      <Filter>源文件</Filter>
    </ClCompile>
    <ClCompile Include="DlgForDelDevice.cpp">
      <Filter>源文件</Filter>
    </ClCompile>
    <ClCompile Include="DlgForDelEmp.cpp">
      <Filter>源文件</Filter>
    </ClCompile>
    <ClCompile Include="DlgForSelEmp.cpp">
      <Filter>源文件</Filter>
    </ClCompile>
    <ClCompile Include="record.cpp">
      <Filter>源文件</Filter>
    </ClCompile>
    <ClCompile Include="com.cpp">
      <Filter>源文件</Filter>
    </ClCompile>
    <ClCompile Include="person.cpp">
      <Filter>源文件</Filter>
    </ClCompile>
    <ClCompile Include="device.cpp">
      <Filter>源文件</Filter>
    </ClCompile>
    <ClCompile Include="DlgForChangeDevice.cpp">
      <Filter>源文件</Filter>
    </ClCompile>
    <ClCompile Include="SerialDeviceAdmin.cpp">
      <Filter>源文件</Filter>
    </ClCompile>
    <ClCompile Include="DlgForHelp.cpp">
      <Filter>源文件</Filter>
    </ClCompile>
    <ClCompile Include="GsmModel.cpp">
      <Filter>源文件</Filter>
    </ClCompile>
  </ItemGroup>
  <ItemGroup>
    <Image Include="..\bin\small.ico">
      <Filter>资源文件</Filter>
    </Image>
    <Image Include="small.ico">
      <Filter>资源文件</Filter>
    </Image>
  </ItemGroup>
  <ItemGroup>
    <ResourceCompile Include="monitor.rc">
      <Filter>资源文件</Filter>
    </ResourceCompile>
  </ItemGroup>
</Project>